# THIS IS AN AUTOGENERATED FILE. DO NOT EDIT THIS FILE DIRECTLY.
# yarn lockfile v1


"@fortawesome/fontawesome-common-types@^0.2.28":
  version "0.2.28"
  resolved "https://registry.yarnpkg.com/@fortawesome/fontawesome-common-types/-/fontawesome-common-types-0.2.28.tgz#1091bdfe63b3f139441e9cba27aa022bff97d8b2"
  integrity sha512-gtis2/5yLdfI6n0ia0jH7NJs5i/Z/8M/ZbQL6jXQhCthEOe5Cr5NcQPhgTvFxNOtURE03/ZqUcEskdn2M+QaBg==

"@fortawesome/fontawesome-svg-core@^1.2.28":
  version "1.2.28"
  resolved "https://registry.yarnpkg.com/@fortawesome/fontawesome-svg-core/-/fontawesome-svg-core-1.2.28.tgz#e5b8c8814ef375f01f5d7c132d3c3a2f83a3abf9"
  integrity sha512-4LeaNHWvrneoU0i8b5RTOJHKx7E+y7jYejplR7uSVB34+mp3Veg7cbKk7NBCLiI4TyoWS1wh9ZdoyLJR8wSAdg==
  dependencies:
    "@fortawesome/fontawesome-common-types" "^0.2.28"

"@fortawesome/free-brands-svg-icons@^5.13.0":
  version "5.13.0"
  resolved "https://registry.yarnpkg.com/@fortawesome/free-brands-svg-icons/-/free-brands-svg-icons-5.13.0.tgz#e79de73ba6555055204828dca9c0691e7ce5242b"
  integrity sha512-/6xXiJFCMEQxqxXbL0FPJpwq5Cv6MRrjsbJEmH/t5vOvB4dILDpnY0f7zZSlA8+TG7jwlt12miF/yZpZkykucA==
  dependencies:
    "@fortawesome/fontawesome-common-types" "^0.2.28"

"@fortawesome/free-regular-svg-icons@^5.13.0":
  version "5.13.0"
  resolved "https://registry.yarnpkg.com/@fortawesome/free-regular-svg-icons/-/free-regular-svg-icons-5.13.0.tgz#925a13d8bdda0678f71551828cac80ab47b8150c"
  integrity sha512-70FAyiS5j+ANYD4dh9NGowTorNDnyvQHHpCM7FpnF7GxtDjBUCKdrFqCPzesEIpNDFNd+La3vex+jDk4nnUfpA==
  dependencies:
    "@fortawesome/fontawesome-common-types" "^0.2.28"

"@fortawesome/free-solid-svg-icons@^5.13.0":
  version "5.13.0"
  resolved "https://registry.yarnpkg.com/@fortawesome/free-solid-svg-icons/-/free-solid-svg-icons-5.13.0.tgz#44d9118668ad96b4fd5c9434a43efc5903525739"
  integrity sha512-IHUgDJdomv6YtG4p3zl1B5wWf9ffinHIvebqQOmV3U+3SLw4fC+LUCCgwfETkbTtjy5/Qws2VoVf6z/ETQpFpg==
  dependencies:
    "@fortawesome/fontawesome-common-types" "^0.2.28"
